
Microsoft Visual Studio Solution File, Format Version 12.00
# Visual Studio Version 17
VisualStudioVersion = 17.0.31903.59
MinimumVisualStudioVersion = 10.0.40219.1
Project("{2150E333-8FDC-42A3-9474-1A3956D46DE8}") = "src", "src", "{827E0CD3-B72D-47B6-A68D-7590B98EB39B}"
EndProject
Project("{FAE04EC0-301F-11D3-BF4B-00C04F79EFBC}") = "AlgoLab.Core", "src\AlgoLab.Core\AlgoLab.Core.csproj", "{931E9863-B0A3-4C04-BC59-31F59FB7A5AA}"
EndProject
Project("{FAE04EC0-301F-11D3-BF4B-00C04F79EFBC}") = "AlgoLab.Tests", "tests\AlgoLab.Tests\AlgoLab.Tests.csproj", "{3AF7F8B4-9557-4A9A-B381-4C7F0A370749}"
EndProject
Project("{FAE04EC0-301F-11D3-BF4B-00C04F79EFBC}") = "AlgoLab.Problems", "src\AlgoLab.Problems\AlgoLab.Problems.csproj", "{EBE774EE-29F6-47EB-B2E4-E7E026779ACB}"
EndProject
Project("{FAE04EC0-301F-11D3-BF4B-00C04F79EFBC}") = "AlgoLab.Runner", "src\AlgoLab.Runner\AlgoLab.Runner.csproj", "{0C50055C-6D9D-454F-B00A-F33603A59BC3}"
EndProject
Project("{FAE04EC0-301F-11D3-BF4B-00C04F79EFBC}") = "AlgoLab.Api", "src\AlgoLab.Api\AlgoLab.Api.csproj", "{3EB04BD0-D5BD-4E99-AE16-912FE9FED605}"
EndProject
Global
	GlobalSection(SolutionConfigurationPlatforms) = preSolution
		Debug|Any CPU = Debug|Any CPU
		Debug|x64 = Debug|x64
		Debug|x86 = Debug|x86
		Release|Any CPU = Release|Any CPU
		Release|x64 = Release|x64
		Release|x86 = Release|x86
	EndGlobalSection
	GlobalSection(ProjectConfigurationPlatforms) = postSolution
		{931E9863-B0A3-4C04-BC59-31F59FB7A5AA}.Debug|Any CPU.ActiveCfg = Debug|Any CPU
		{931E9863-B0A3-4C04-BC59-31F59FB7A5AA}.Debug|Any CPU.Build.0 = Debug|Any CPU
		{931E9863-B0A3-4C04-BC59-31F59FB7A5AA}.Debug|x64.ActiveCfg = Debug|Any CPU
		{931E9863-B0A3-4C04-BC59-31F59FB7A5AA}.Debug|x64.Build.0 = Debug|Any CPU
		{931E9863-B0A3-4C04-BC59-31F59FB7A5AA}.Debug|x86.ActiveCfg = Debug|Any CPU
		{931E9863-B0A3-4C04-BC59-31F59FB7A5AA}.Debug|x86.Build.0 = Debug|Any CPU
		{931E9863-B0A3-4C04-BC59-31F59FB7A5AA}.Release|Any CPU.ActiveCfg = Release|Any CPU
		{931E9863-B0A3-4C04-BC59-31F59FB7A5AA}.Release|Any CPU.Build.0 = Release|Any CPU
		{931E9863-B0A3-4C04-BC59-31F59FB7A5AA}.Release|x64.ActiveCfg = Release|Any CPU
		{931E9863-B0A3-4C04-BC59-31F59FB7A5AA}.Release|x64.Build.0 = Release|Any CPU
		{931E9863-B0A3-4C04-BC59-31F59FB7A5AA}.Release|x86.ActiveCfg = Release|Any CPU
		{931E9863-B0A3-4C04-BC59-31F59FB7A5AA}.Release|x86.Build.0 = Release|Any CPU
		{3AF7F8B4-9557-4A9A-B381-4C7F0A370749}.Debug|Any CPU.ActiveCfg = Debug|Any CPU
		{3AF7F8B4-9557-4A9A-B381-4C7F0A370749}.Debug|Any CPU.Build.0 = Debug|Any CPU
		{3AF7F8B4-9557-4A9A-B381-4C7F0A370749}.Debug|x64.ActiveCfg = Debug|Any CPU
		{3AF7F8B4-9557-4A9A-B381-4C7F0A370749}.Debug|x64.Build.0 = Debug|Any CPU
		{3AF7F8B4-9557-4A9A-B381-4C7F0A370749}.Debug|x86.ActiveCfg = Debug|Any CPU
		{3AF7F8B4-9557-4A9A-B381-4C7F0A370749}.Debug|x86.Build.0 = Debug|Any CPU
		{3AF7F8B4-9557-4A9A-B381-4C7F0A370749}.Release|Any CPU.ActiveCfg = Release|Any CPU
		{3AF7F8B4-9557-4A9A-B381-4C7F0A370749}.Release|Any CPU.Build.0 = Release|Any CPU
		{3AF7F8B4-9557-4A9A-B381-4C7F0A370749}.Release|x64.ActiveCfg = Release|Any CPU
		{3AF7F8B4-9557-4A9A-B381-4C7F0A370749}.Release|x64.Build.0 = Release|Any CPU
		{3AF7F8B4-9557-4A9A-B381-4C7F0A370749}.Release|x86.ActiveCfg = Release|Any CPU
		{3AF7F8B4-9557-4A9A-B381-4C7F0A370749}.Release|x86.Build.0 = Release|Any CPU
		{EBE774EE-29F6-47EB-B2E4-E7E026779ACB}.Debug|Any CPU.ActiveCfg = Debug|Any CPU
		{EBE774EE-29F6-47EB-B2E4-E7E026779ACB}.Debug|Any CPU.Build.0 = Debug|Any CPU
		{EBE774EE-29F6-47EB-B2E4-E7E026779ACB}.Debug|x64.ActiveCfg = Debug|Any CPU
		{EBE774EE-29F6-47EB-B2E4-E7E026779ACB}.Debug|x64.Build.0 = Debug|Any CPU
		{EBE774EE-29F6-47EB-B2E4-E7E026779ACB}.Debug|x86.ActiveCfg = Debug|Any CPU
		{EBE774EE-29F6-47EB-B2E4-E7E026779ACB}.Debug|x86.Build.0 = Debug|Any CPU
		{EBE774EE-29F6-47EB-B2E4-E7E026779ACB}.Release|Any CPU.ActiveCfg = Release|Any CPU
		{EBE774EE-29F6-47EB-B2E4-E7E026779ACB}.Release|Any CPU.Build.0 = Release|Any CPU
		{EBE774EE-29F6-47EB-B2E4-E7E026779ACB}.Release|x64.ActiveCfg = Release|Any CPU
		{EBE774EE-29F6-47EB-B2E4-E7E026779ACB}.Release|x64.Build.0 = Release|Any CPU
		{EBE774EE-29F6-47EB-B2E4-E7E026779ACB}.Release|x86.ActiveCfg = Release|Any CPU
		{EBE774EE-29F6-47EB-B2E4-E7E026779ACB}.Release|x86.Build.0 = Release|Any CPU
		{0C50055C-6D9D-454F-B00A-F33603A59BC3}.Debug|Any CPU.ActiveCfg = Debug|Any CPU
		{0C50055C-6D9D-454F-B00A-F33603A59BC3}.Debug|Any CPU.Build.0 = Debug|Any CPU
		{0C50055C-6D9D-454F-B00A-F33603A59BC3}.Debug|x64.ActiveCfg = Debug|Any CPU
		{0C50055C-6D9D-454F-B00A-F33603A59BC3}.Debug|x64.Build.0 = Debug|Any CPU
		{0C50055C-6D9D-454F-B00A-F33603A59BC3}.Debug|x86.ActiveCfg = Debug|Any CPU
		{0C50055C-6D9D-454F-B00A-F33603A59BC3}.Debug|x86.Build.0 = Debug|Any CPU
		{0C50055C-6D9D-454F-B00A-F33603A59BC3}.Release|Any CPU.ActiveCfg = Release|Any CPU
		{0C50055C-6D9D-454F-B00A-F33603A59BC3}.Release|Any CPU.Build.0 = Release|Any CPU
		{0C50055C-6D9D-454F-B00A-F33603A59BC3}.Release|x64.ActiveCfg = Release|Any CPU
		{0C50055C-6D9D-454F-B00A-F33603A59BC3}.Release|x64.Build.0 = Release|Any CPU
		{0C50055C-6D9D-454F-B00A-F33603A59BC3}.Release|x86.ActiveCfg = Release|Any CPU
		{0C50055C-6D9D-454F-B00A-F33603A59BC3}.Release|x86.Build.0 = Release|Any CPU
		{3EB04BD0-D5BD-4E99-AE16-912FE9FED605}.Debug|Any CPU.ActiveCfg = Debug|Any CPU
		{3EB04BD0-D5BD-4E99-AE16-912FE9FED605}.Debug|Any CPU.Build.0 = Debug|Any CPU
		{3EB04BD0-D5BD-4E99-AE16-912FE9FED605}.Debug|x64.ActiveCfg = Debug|Any CPU
		{3EB04BD0-D5BD-4E99-AE16-912FE9FED605}.Debug|x64.Build.0 = Debug|Any CPU
		{3EB04BD0-D5BD-4E99-AE16-912FE9FED605}.Debug|x86.ActiveCfg = Debug|Any CPU
		{3EB04BD0-D5BD-4E99-AE16-912FE9FED605}.Debug|x86.Build.0 = Debug|Any CPU
		{3EB04BD0-D5BD-4E99-AE16-912FE9FED605}.Release|Any CPU.ActiveCfg = Release|Any CPU
		{3EB04BD0-D5BD-4E99-AE16-912FE9FED605}.Release|Any CPU.Build.0 = Release|Any CPU
		{3EB04BD0-D5BD-4E99-AE16-912FE9FED605}.Release|x64.ActiveCfg = Release|Any CPU
		{3EB04BD0-D5BD-4E99-AE16-912FE9FED605}.Release|x64.Build.0 = Release|Any CPU
		{3EB04BD0-D5BD-4E99-AE16-912FE9FED605}.Release|x86.ActiveCfg = Release|Any CPU
		{3EB04BD0-D5BD-4E99-AE16-912FE9FED605}.Release|x86.Build.0 = Release|Any CPU
	EndGlobalSection
	GlobalSection(SolutionProperties) = preSolution
		HideSolutionNode = FALSE
	EndGlobalSection
	GlobalSection(NestedProjects) = preSolution
		{931E9863-B0A3-4C04-BC59-31F59FB7A5AA} = {827E0CD3-B72D-47B6-A68D-7590B98EB39B}
		{3AF7F8B4-9557-4A9A-B381-4C7F0A370749} = {827E0CD3-B72D-47B6-A68D-7590B98EB39B}
		{EBE774EE-29F6-47EB-B2E4-E7E026779ACB} = {827E0CD3-B72D-47B6-A68D-7590B98EB39B}
		{0C50055C-6D9D-454F-B00A-F33603A59BC3} = {827E0CD3-B72D-47B6-A68D-7590B98EB39B}
		{3EB04BD0-D5BD-4E99-AE16-912FE9FED605} = {827E0CD3-B72D-47B6-A68D-7590B98EB39B}
	EndGlobalSection
EndGlobal
